
Microsoft Visual Studio Solution File, Format Version 12.00
# Visual Studio Version 17
VisualStudioVersion = 17.5.002.0
MinimumVisualStudioVersion = 10.0.40219.1
Project("{9A19103F-16F7-4668-BE54-9A1E7A4F7556}") = "recursividad", "recursividad.csproj", "{D4F6A936-1928-456C-B72A-F039C84C8E78}"
EndProject
Global
	GlobalSection(SolutionConfigurationPlatforms) = preSolution
		Debug|Any CPU = Debug|Any CPU
		Release|Any CPU = Release|Any CPU
	EndGlobalSection
	GlobalSection(ProjectConfigurationPlatforms) = postSolution
		{D4F6A936-1928-456C-B72A-F039C84C8E78}.Debug|Any CPU.ActiveCfg = Debug|Any CPU
		{D4F6A936-1928-456C-B72A-F039C84C8E78}.Debug|Any CPU.Build.0 = Debug|Any CPU
		{D4F6A936-1928-456C-B72A-F039C84C8E78}.Release|Any CPU.ActiveCfg = Release|Any CPU
		{D4F6A936-1928-456C-B72A-F039C84C8E78}.Release|Any CPU.Build.0 = Release|Any CPU
	EndGlobalSection
	GlobalSection(SolutionProperties) = preSolution
		HideSolutionNode = FALSE
	EndGlobalSection
	GlobalSection(ExtensibilityGlobals) = postSolution
		SolutionGuid = {9A5C7C14-9672-4A13-8542-7084BC4674E9}
	EndGlobalSection
EndGlobal
